// !$*UTF8*$!
{
	archiveVersion = 1;
	classes = {
	};
	objectVersion = 46;
	objects = {

/* Begin PBXBuildFile section */
		710099731DA1AE6400921FE7 /* AppDelegate.swift in Sources */ = {isa = PBXBuildFile; fileRef = 710099721DA1AE6400921FE7 /* AppDelegate.swift */; };
		710099751DA1AE6400921FE7 /* FirstViewController.swift in Sources */ = {isa = PBXBuildFile; fileRef = 710099741DA1AE6400921FE7 /* FirstViewController.swift */; };
		710099771DA1AE6400921FE7 /* SecondViewController.swift in Sources */ = {isa = PBXBuildFile; fileRef = 710099761DA1AE6400921FE7 /* SecondViewController.swift */; };
		7100997A1DA1AE6400921FE7 /* Main.storyboard in Resources */ = {isa = PBXBuildFile; fileRef = 710099781DA1AE6400921FE7 /* Main.storyboard */; };
		7100997C1DA1AE6400921FE7 /* Assets.xcassets in Resources */ = {isa = PBXBuildFile; fileRef = 7100997B1DA1AE6400921FE7 /* Assets.xcassets */; };
		7100997F1DA1AE6400921FE7 /* LaunchScreen.storyboard in Resources */ = {isa = PBXBuildFile; fileRef = 7100997D1DA1AE6400921FE7 /* LaunchScreen.storyboard */; };
		710099871DA1BAAB00921FE7 /* items.swift in Sources */ = {isa = PBXBuildFile; fileRef = 710099861DA1BAAB00921FE7 /* items.swift */; };
/* End PBXBuildFile section */

/* Begin PBXFileReference section */
		7100996F1DA1AE6400921FE7 /* headtriple.app */ = {isa = PBXFileReference; explicitFileType = wrapper.application; includeInIndex = 0; path = headtriple.app; sourceTree = BUILT_PRODUCTS_DIR; };
		710099721DA1AE6400921FE7 /* AppDelegate.swift */ = {isa = PBXFileReference; lastKnownFileType = sourcecode.swift; path = AppDelegate.swift; sourceTree = "<group>"; };
		710099741DA1AE6400921FE7 /* FirstViewController.swift */ = {isa = PBXFileReference; lastKnownFileType = sourcecode.swift; path = FirstViewController.swift; sourceTree = "<group>"; };
		710099761DA1AE6400921FE7 /* SecondViewController.swift */ = {isa = PBXFileReference; lastKnownFileType = sourcecode.swift; path = SecondViewController.swift; sourceTree = "<group>"; };
		710099791DA1AE6400921FE7 /* Base */ = {isa = PBXFileReference; lastKnownFileType = file.storyboard; name = Base; path = Base.lproj/Main.storyboard; sourceTree = "<group>"; };
		7100997B1DA1AE6400921FE7 /* Assets.xcassets */ = {isa = PBXFileReference; lastKnownFileType = folder.assetcatalog; path = Assets.xcassets; sourceTree = "<group>"; };
		7100997E1DA1AE6400921FE7 /* Base */ = {isa = PBXFileReference; lastKnownFileType = file.storyboard; name = Base; path = Base.lproj/LaunchScreen.storyboard; sourceTree = "<group>"; };
		710099801DA1AE6400921FE7 /* Info.plist */ = {isa = PBXFileReference; lastKnownFileType = text.plist.xml; path = Info.plist; sourceTree = "<group>"; };
		710099861DA1BAAB00921FE7 /* items.swift */ = {isa = PBXFileReference; fileEncoding = 4; lastKnownFileType = sourcecode.swift; path = items.swift; sourceTree = "<group>"; };
/* End PBXFileReference section */

/* Begin PBXFrameworksBuildPhase section */
		7100996C1DA1AE6400921FE7 /* Frameworks */ = {
			isa = PBXFrameworksBuildPhase;
			buildActionMask = 2147483647;
			files = (
			);
			runOnlyForDeploymentPostprocessing = 0;
		};
/* End PBXFrameworksBuildPhase section */

/* Begin PBXGroup section */
		710099661DA1AE6400921FE7 = {
			isa = PBXGroup;
			children = (
				710099711DA1AE6400921FE7 /* headtriple */,
				710099701DA1AE6400921FE7 /* Products */,
			);
			sourceTree = "<group>";
		};
		710099701DA1AE6400921FE7 /* Products */ = {
			isa = PBXGroup;
			children = (
				7100996F1DA1AE6400921FE7 /* headtriple.app */,
			);
			name = Products;
			sourceTree = "<group>";
		};
		710099711DA1AE6400921FE7 /* headtriple */ = {
			isa = PBXGroup;
			children = (
				710099721DA1AE6400921FE7 /* AppDelegate.swift */,
				710099741DA1AE6400921FE7 /* FirstViewController.swift */,
				710099761DA1AE6400921FE7 /* SecondViewController.swift */,
				710099781DA1AE6400921FE7 /* Main.storyboard */,
				7100997B1DA1AE6400921FE7 /* Assets.xcassets */,
				7100997D1DA1AE6400921FE7 /* LaunchScreen.storyboard */,
				710099801DA1AE6400921FE7 /* Info.plist */,
				710099861DA1BAAB00921FE7 /* items.swift */,
			);
			path = headtriple;
			sourceTree = "<group>";
		};
/* End PBXGroup section */

/* Begin PBXNativeTarget section */
		7100996E1DA1AE6400921FE7 /* headtriple */ = {
			isa = PBXNativeTarget;
			buildConfigurationList = 710099831DA1AE6400921FE7 /* Build configuration list for PBXNativeTarget "headtriple" */;
			buildPhases = (
				7100996B1DA1AE6400921FE7 /* Sources */,
				7100996C1DA1AE6400921FE7 /* Frameworks */,
				7100996D1DA1AE6400921FE7 /* Resources */,
			);
			buildRules = (
			);
			dependencies = (
			);
			name = headtriple;
			productName = headtriple;
			productReference = 7100996F1DA1AE6400921FE7 /* headtriple.app */;
			productType = "com.apple.product-type.application";
		};
/* End PBXNativeTarget section */

/* Begin PBXProject section */
		710099671DA1AE6400921FE7 /* Project object */ = {
			isa = PBXProject;
			attributes = {
				LastSwiftUpdateCheck = 0730;
				LastUpgradeCheck = 0730;
				ORGANIZATIONNAME = "Joe Kelley";
				TargetAttributes = {
					7100996E1DA1AE6400921FE7 = {
						CreatedOnToolsVersion = 7.3.1;
					};
				};
			};
			buildConfigurationList = 7100996A1DA1AE6400921FE7 /* Build configuration list for PBXProject "headtriple" */;
			compatibilityVersion = "Xcode 3.2";
			developmentRegion = English;
			hasScannedForEncodings = 0;
			knownRegions = (
				en,
				Base,
			);
			mainGroup = 710099661DA1AE6400921FE7;
			productRefGroup = 710099701DA1AE6400921FE7 /* Products */;
			projectDirPath = "";
			projectRoot = "";
			targets = (
				7100996E1DA1AE6400921FE7 /* headtriple */,
			);
		};
/* End PBXProject section */

/* Begin PBXResourcesBuildPhase section */
		7100996D1DA1AE6400921FE7 /* Resources */ = {
			isa = PBXResourcesBuildPhase;
			buildActionMask = 2147483647;
			files = (
				7100997F1DA1AE6400921FE7 /* LaunchScreen.storyboard in Resources */,
				7100997C1DA1AE6400921FE7 /* Assets.xcassets in Resources */,
				7100997A1DA1AE6400921FE7 /* Main.storyboard in Resources */,
			);
			runOnlyForDeploymentPostprocessing = 0;
		};
/* End PBXResourcesBuildPhase section */

/* Begin PBXSourcesBuildPhase section */
		7100996B1DA1AE6400921FE7 /* Sources */ = {
			isa = PBXSourcesBuildPhase;
			buildActionMask = 2147483647;
			files = (
				710099871DA1BAAB00921FE7 /* items.swift in Sources */,
				710099771DA1AE6400921FE7 /* SecondViewController.swift in Sources */,
				710099731DA1AE6400921FE7 /* AppDelegate.swift in Sources */,
				710099751DA1AE6400921FE7 /* FirstViewController.swift in Sources */,
			);
			runOnlyForDeploymentPostprocessing = 0;
		};
/* End PBXSourcesBuildPhase section */

/* Begin PBXVariantGroup section */
		710099781DA1AE6400921FE7 /* Main.storyboard */ = {
			isa = PBXVariantGroup;
			children = (
				710099791DA1AE6400921FE7 /* Base */,
			);
			name = Main.storyboard;
			sourceTree = "<group>";
		};
		7100997D1DA1AE6400921FE7 /* LaunchScreen.storyboard */ = {
			isa = PBXVariantGroup;
			children = (
				7100997E1DA1AE6400921FE7 /* Base */,
			);
			name = LaunchScreen.storyboard;
			sourceTree = "<group>";
		};
/* End PBXVariantGroup section */

/* Begin XCBuildConfiguration section */
		710099811DA1AE6400921FE7 /* Debug */ = {
			isa = XCBuildConfiguration;
			buildSettings = {
				ALWAYS_SEARCH_USER_PATHS = NO;
				CLANG_ANALYZER_NONNULL = YES;
				CLANG_CXX_LANGUAGE_STANDARD = "gnu++0x";
				CLANG_CXX_LIBRARY = "libc++";
				CLANG_ENABLE_MODULES = YES;
				CLANG_ENABLE_OBJC_ARC = YES;
				CLANG_WARN_BOOL_CONVERSION = YES;
				CLANG_WARN_CONSTANT_CONVERSION = YES;
				CLANG_WARN_DIRECT_OBJC_ISA_USAGE = YES_ERROR;
				CLANG_WARN_EMPTY_BODY = YES;
				CLANG_WARN_ENUM_CONVERSION = YES;
				CLANG_WARN_INT_CONVERSION = YES;
				CLANG_WARN_OBJC_ROOT_CLASS = YES_ERROR;
				CLANG_WARN_UNREACHABLE_CODE = YES;
				CLANG_WARN__DUPLICATE_METHOD_MATCH = YES;
				"CODE_SIGN_IDENTITY[sdk=iphoneos*]" = "iPhone Developer";
				COPY_PHASE_STRIP = NO;
				DEBUG_INFORMATION_FORMAT = dwarf;
				ENABLE_STRICT_OBJC_MSGSEND = YES;
				ENABLE_TESTABILITY = YES;
				GCC_C_LANGUAGE_STANDARD = gnu99;
				GCC_DYNAMIC_NO_PIC = NO;
				GCC_NO_COMMON_BLOCKS = YES;
				GCC_OPTIMIZATION_LEVEL = 0;
				GCC_PREPROCESSOR_DEFINITIONS = (
					"DEBUG=1",
					"$(inherited)",
				);
				GCC_WARN_64_TO_32_BIT_CONVERSION = YES;
				GCC_WARN_ABOUT_RETURN_TYPE = YES_ERROR;
				GCC_WARN_UNDECLARED_SELECTOR = YES;
				GCC_WARN_UNINITIALIZED_AUTOS = YES_AGGRESSIVE;
				GCC_WARN_UNUSED_FUNCTION = YES;
				GCC_WARN_UNUSED_VARIABLE = YES;
				IPHONEOS_DEPLOYMENT_TARGET = 9.3;
				MTL_ENABLE_DEBUG_INFO = YES;
				ONLY_ACTIVE_ARCH = YES;
				SDKROOT = iphoneos;
				SWIFT_OPTIMIZATION_LEVEL = "-Onone";
			};
			name = Debug;
		};
		710099821DA1AE6400921FE7 /* Release */ = {
			isa = XCBuildConfiguration;
			buildSettings = {
				ALWAYS_SEARCH_USER_PATHS = NO;
				CLANG_ANALYZER_NONNULL = YES;
				CLANG_CXX_LANGUAGE_STANDARD = "gnu++0x";
				CLANG_CXX_LIBRARY = "libc++";
				CLANG_ENABLE_MODULES = YES;
				CLANG_ENABLE_OBJC_ARC = YES;
				CLANG_WARN_BOOL_CONVERSION = YES;
				CLANG_WARN_CONSTANT_CONVERSION = YES;
				CLANG_WARN_DIRECT_OBJC_ISA_USAGE = YES_ERROR;
				CLANG_WARN_EMPTY_BODY = YES;
				CLANG_WARN_ENUM_CONVERSION = YES;
				CLANG_WARN_INT_CONVERSION = YES;
				CLANG_WARN_OBJC_ROOT_CLASS = YES_ERROR;
				CLANG_WARN_UNREACHABLE_CODE = YES;
				CLANG_WARN__DUPLICATE_METHOD_MATCH = YES;
				"CODE_SIGN_IDENTITY[sdk=iphoneos*]" = "iPhone Developer";
				COPY_PHASE_STRIP = NO;
				DEBUG_INFORMATION_FORMAT = "dwarf-with-dsym";
				ENABLE_NS_ASSERTIONS = NO;
				ENABLE_STRICT_OBJC_MSGSEND = YES;
				GCC_C_LANGUAGE_STANDARD = gnu99;
				GCC_NO_COMMON_BLOCKS = YES;
				GCC_WARN_64_TO_32_BIT_CONVERSION = YES;
				GCC_WARN_ABOUT_RETURN_TYPE = YES_ERROR;
				GCC_WARN_UNDECLARED_SELECTOR = YES;
				GCC_WARN_UNINITIALIZED_AUTOS = YES_AGGRESSIVE;
				GCC_WARN_UNUSED_FUNCTION = YES;
				GCC_WARN_UNUSED_VARIABLE = YES;
				IPHONEOS_DEPLOYMENT_TARGET = 9.3;
				MTL_ENABLE_DEBUG_INFO = NO;
				SDKROOT = iphoneos;
				VALIDATE_PRODUCT = YES;
			};
			name = Release;
		};
		710099841DA1AE6400921FE7 /* Debug */ = {
			isa = XCBuildConfiguration;
			buildSettings = {
				ASSETCATALOG_COMPILER_APPICON_NAME = AppIcon;
				INFOPLIST_FILE = headtriple/Info.plist;
				LD_RUNPATH_SEARCH_PATHS = "$(inherited) @executable_path/Frameworks";
				PRODUCT_BUNDLE_IDENTIFIER = joekelley.headtriple;
				PRODUCT_NAME = "$(TARGET_NAME)";
			};
			name = Debug;
		};
		710099851DA1AE6400921FE7 /* Release */ = {
			isa = XCBuildConfiguration;
			buildSettings = {
				ASSETCATALOG_COMPILER_APPICON_NAME = AppIcon;
				INFOPLIST_FILE = headtriple/Info.plist;
				LD_RUNPATH_SEARCH_PATHS = "$(inherited) @executable_path/Frameworks";
				PRODUCT_BUNDLE_IDENTIFIER = joekelley.headtriple;
				PRODUCT_NAME = "$(TARGET_NAME)";
			};
			name = Release;
		};
/* End XCBuildConfiguration section */

/* Begin XCConfigurationList section */
		7100996A1DA1AE6400921FE7 /* Build configuration list for PBXProject "headtriple" */ = {
			isa = XCConfigurationList;
			buildConfigurations = (
				710099811DA1AE6400921FE7 /* Debug */,
				710099821DA1AE6400921FE7 /* Release */,
			);
			defaultConfigurationIsVisible = 0;
			defaultConfigurationName = Release;
		};
		710099831DA1AE6400921FE7 /* Build configuration list for PBXNativeTarget "headtriple" */ = {
			isa = XCConfigurationList;
			buildConfigurations = (
				710099841DA1AE6400921FE7 /* Debug */,
				710099851DA1AE6400921FE7 /* Release */,
			);
			defaultConfigurationIsVisible = 0;
		};
/* End XCConfigurationList section */
	};
	rootObject = 710099671DA1AE6400921FE7 /* Project object */;
}
